<?xml version="1.0" encoding="utf-8"?>
<Project ToolsVersion="4.0" xmlns="http://schemas.microsoft.com/developer/msbuild/2003">
  <ItemGroup>
    <Filter Include="Source files">
      <UniqueIdentifier>{74a5fef7-e188-4329-b3e1-7d141956a93a}</UniqueIdentifier>
      <Extensions>cpp;c;cc;cxx;def;odl;idl;hpj;bat;asm;asmx</Extensions>
    </Filter>
    <Filter Include="Header files">
      <UniqueIdentifier>{22acc67f-a4b4-43c3-bbf3-24a4c906a8a2}</UniqueIdentifier>
      <Extensions>h;hpp;hxx;hm;inl;inc;xsd</Extensions>
    </Filter>
    <Filter Include="Resource files">
      <UniqueIdentifier>{54c988aa-d0eb-404f-a319-d5b8b9fd4103}</UniqueIdentifier>
      <Extensions>rc;ico;cur;bmp;dlg;rc2;rct;bin;rgs;gif;jpg;jpeg;jpe;resx;tiff;tif;png;wav</Extensions>
    </Filter>
    <Filter Include="VisualGDB settings">
      <UniqueIdentifier>{a17806b9-ce3a-48e1-89c1-4ec8252f7351}</UniqueIdentifier>
    </Filter>
  </ItemGroup>
  <ItemGroup>
    <ClCompile Include="Driver.cpp">
      <Filter>Source files</Filter>
    </ClCompile>
    <None Include="Driver-Debug.vgdbsettings">
      <Filter>VisualGDB settings</Filter>
    </None>
    <None Include="Driver-Release.vgdbsettings">
      <Filter>VisualGDB settings</Filter>
    </None>
  </ItemGroup>
  <ItemGroup>
    <ClInclude Include="..\..\..\..\AppData\Local\lxss\home\glyph\KinovaTypes.h">
      <Filter>Header files</Filter>
    </ClInclude>
    <ClInclude Include="..\..\..\..\AppData\Local\lxss\home\glyph\Kinova.API.CommLayerUbuntu.h">
      <Filter>Header files</Filter>
    </ClInclude>
    <ClInclude Include="..\..\..\..\AppData\Local\lxss\home\glyph\Kinova.API.UsbCommandLayerUbuntu.h">
      <Filter>Header files</Filter>
    </ClInclude>
    <ClInclude Include="KinovaArm64.h">
      <Filter>Header files</Filter>
    </ClInclude>
  </ItemGroup>
</Project>